// !$*UTF8*$!
{
	archiveVersion = 1;
	classes = {
	};
	objectVersion = 50;
	objects = {

/* Begin PBXBuildFile section */
		93BFB84D20C2E362004801C8 /* AppDelegate.swift in Sources */ = {isa = PBXBuildFile; fileRef = 93BFB84C20C2E362004801C8 /* AppDelegate.swift */; };
		93BFB84F20C2E362004801C8 /* ViewController.swift in Sources */ = {isa = PBXBuildFile; fileRef = 93BFB84E20C2E362004801C8 /* ViewController.swift */; };
		93BFB85220C2E362004801C8 /* Main.storyboard in Resources */ = {isa = PBXBuildFile; fileRef = 93BFB85020C2E362004801C8 /* Main.storyboard */; };
		93BFB85420C2E364004801C8 /* Assets.xcassets in Resources */ = {isa = PBXBuildFile; fileRef = 93BFB85320C2E364004801C8 /* Assets.xcassets */; };
		93BFB85720C2E364004801C8 /* LaunchScreen.storyboard in Resources */ = {isa = PBXBuildFile; fileRef = 93BFB85520C2E364004801C8 /* LaunchScreen.storyboard */; };
		93BFB85F20C2EEB2004801C8 /* DetectFaceViewController.swift in Sources */ = {isa = PBXBuildFile; fileRef = 93BFB85E20C2EEB2004801C8 /* DetectFaceViewController.swift */; };
/* End PBXBuildFile section */

/* Begin PBXFileReference section */
		93BFB84920C2E362004801C8 /* rostros.app */ = {isa = PBXFileReference; explicitFileType = wrapper.application; includeInIndex = 0; path = rostros.app; sourceTree = BUILT_PRODUCTS_DIR; };
		93BFB84C20C2E362004801C8 /* AppDelegate.swift */ = {isa = PBXFileReference; lastKnownFileType = sourcecode.swift; path = AppDelegate.swift; sourceTree = "<group>"; };
		93BFB84E20C2E362004801C8 /* ViewController.swift */ = {isa = PBXFileReference; lastKnownFileType = sourcecode.swift; path = ViewController.swift; sourceTree = "<group>"; };
		93BFB85120C2E362004801C8 /* Base */ = {isa = PBXFileReference; lastKnownFileType = file.storyboard; name = Base; path = Base.lproj/Main.storyboard; sourceTree = "<group>"; };
		93BFB85320C2E364004801C8 /* Assets.xcassets */ = {isa = PBXFileReference; lastKnownFileType = folder.assetcatalog; path = Assets.xcassets; sourceTree = "<group>"; };
		93BFB85620C2E364004801C8 /* Base */ = {isa = PBXFileReference; lastKnownFileType = file.storyboard; name = Base; path = Base.lproj/LaunchScreen.storyboard; sourceTree = "<group>"; };
		93BFB85820C2E364004801C8 /* Info.plist */ = {isa = PBXFileReference; lastKnownFileType = text.plist.xml; path = Info.plist; sourceTree = "<group>"; };
		93BFB85E20C2EEB2004801C8 /* DetectFaceViewController.swift */ = {isa = PBXFileReference; lastKnownFileType = sourcecode.swift; path = DetectFaceViewController.swift; sourceTree = "<group>"; };
/* End PBXFileReference section */

/* Begin PBXFrameworksBuildPhase section */
		93BFB84620C2E362004801C8 /* Frameworks */ = {
			isa = PBXFrameworksBuildPhase;
			buildActionMask = 2147483647;
			files = (
			);
			runOnlyForDeploymentPostprocessing = 0;
		};
/* End PBXFrameworksBuildPhase section */

/* Begin PBXGroup section */
		93BFB84020C2E362004801C8 = {
			isa = PBXGroup;
			children = (
				93BFB84B20C2E362004801C8 /* rostros */,
				93BFB84A20C2E362004801C8 /* Products */,
			);
			sourceTree = "<group>";
		};
		93BFB84A20C2E362004801C8 /* Products */ = {
			isa = PBXGroup;
			children = (
				93BFB84920C2E362004801C8 /* rostros.app */,
			);
			name = Products;
			sourceTree = "<group>";
		};
		93BFB84B20C2E362004801C8 /* rostros */ = {
			isa = PBXGroup;
			children = (
				93BFB84C20C2E362004801C8 /* AppDelegate.swift */,
				93BFB84E20C2E362004801C8 /* ViewController.swift */,
				93BFB85E20C2EEB2004801C8 /* DetectFaceViewController.swift */,
				93BFB85020C2E362004801C8 /* Main.storyboard */,
				93BFB85320C2E364004801C8 /* Assets.xcassets */,
				93BFB85520C2E364004801C8 /* LaunchScreen.storyboard */,
				93BFB85820C2E364004801C8 /* Info.plist */,
			);
			path = rostros;
			sourceTree = "<group>";
		};
/* End PBXGroup section */

/* Begin PBXNativeTarget section */
		93BFB84820C2E362004801C8 /* rostros */ = {
			isa = PBXNativeTarget;
			buildConfigurationList = 93BFB85B20C2E364004801C8 /* Build configuration list for PBXNativeTarget "rostros" */;
			buildPhases = (
				93BFB84520C2E362004801C8 /* Sources */,
				93BFB84620C2E362004801C8 /* Frameworks */,
				93BFB84720C2E362004801C8 /* Resources */,
			);
			buildRules = (
			);
			dependencies = (
			);
			name = rostros;
			productName = rostros;
			productReference = 93BFB84920C2E362004801C8 /* rostros.app */;
			productType = "com.apple.product-type.application";
		};
/* End PBXNativeTarget section */

/* Begin PBXProject section */
		93BFB84120C2E362004801C8 /* Project object */ = {
			isa = PBXProject;
			attributes = {
				LastSwiftUpdateCheck = 0930;
				LastUpgradeCheck = 0930;
				ORGANIZATIONNAME = none;
				TargetAttributes = {
					93BFB84820C2E362004801C8 = {
						CreatedOnToolsVersion = 9.3.1;
					};
				};
			};
			buildConfigurationList = 93BFB84420C2E362004801C8 /* Build configuration list for PBXProject "rostros" */;
			compatibilityVersion = "Xcode 9.3";
			developmentRegion = en;
			hasScannedForEncodings = 0;
			knownRegions = (
				en,
				Base,
			);
			mainGroup = 93BFB84020C2E362004801C8;
			productRefGroup = 93BFB84A20C2E362004801C8 /* Products */;
			projectDirPath = "";
			projectRoot = "";
			targets = (
				93BFB84820C2E362004801C8 /* rostros */,
			);
		};
/* End PBXProject section */

/* Begin PBXResourcesBuildPhase section */
		93BFB84720C2E362004801C8 /* Resources */ = {
			isa = PBXResourcesBuildPhase;
			buildActionMask = 2147483647;
			files = (
				93BFB85720C2E364004801C8 /* LaunchScreen.storyboard in Resources */,
				93BFB85420C2E364004801C8 /* Assets.xcassets in Resources */,
				93BFB85220C2E362004801C8 /* Main.storyboard in Resources */,
			);
			runOnlyForDeploymentPostprocessing = 0;
		};
/* End PBXResourcesBuildPhase section */

/* Begin PBXSourcesBuildPhase section */
		93BFB84520C2E362004801C8 /* Sources */ = {
			isa = PBXSourcesBuildPhase;
			buildActionMask = 2147483647;
			files = (
				93BFB84F20C2E362004801C8 /* ViewController.swift in Sources */,
				93BFB84D20C2E362004801C8 /* AppDelegate.swift in Sources */,
				93BFB85F20C2EEB2004801C8 /* DetectFaceViewController.swift in Sources */,
			);
			runOnlyForDeploymentPostprocessing = 0;
		};
/* End PBXSourcesBuildPhase section */

/* Begin PBXVariantGroup section */
		93BFB85020C2E362004801C8 /* Main.storyboard */ = {
			isa = PBXVariantGroup;
			children = (
				93BFB85120C2E362004801C8 /* Base */,
			);
			name = Main.storyboard;
			sourceTree = "<group>";
		};
		93BFB85520C2E364004801C8 /* LaunchScreen.storyboard */ = {
			isa = PBXVariantGroup;
			children = (
				93BFB85620C2E364004801C8 /* Base */,
			);
			name = LaunchScreen.storyboard;
			sourceTree = "<group>";
		};
/* End PBXVariantGroup section */

/* Begin XCBuildConfiguration section */
		93BFB85920C2E364004801C8 /* Debug */ = {
			isa = XCBuildConfiguration;
			buildSettings = {
				ALWAYS_SEARCH_USER_PATHS = NO;
				CLANG_ANALYZER_NONNULL = YES;
				CLANG_ANALYZER_NUMBER_OBJECT_CONVERSION = YES_AGGRESSIVE;
				CLANG_CXX_LANGUAGE_STANDARD = "gnu++14";
				CLANG_CXX_LIBRARY = "libc++";
				CLANG_ENABLE_MODULES = YES;
				CLANG_ENABLE_OBJC_ARC = YES;
				CLANG_ENABLE_OBJC_WEAK = YES;
				CLANG_WARN_BLOCK_CAPTURE_AUTORELEASING = YES;
				CLANG_WARN_BOOL_CONVERSION = YES;
				CLANG_WARN_COMMA = YES;
				CLANG_WARN_CONSTANT_CONVERSION = YES;
				CLANG_WARN_DEPRECATED_OBJC_IMPLEMENTATIONS = YES;
				CLANG_WARN_DIRECT_OBJC_ISA_USAGE = YES_ERROR;
				CLANG_WARN_DOCUMENTATION_COMMENTS = YES;
				CLANG_WARN_EMPTY_BODY = YES;
				CLANG_WARN_ENUM_CONVERSION = YES;
				CLANG_WARN_INFINITE_RECURSION = YES;
				CLANG_WARN_INT_CONVERSION = YES;
				CLANG_WARN_NON_LITERAL_NULL_CONVERSION = YES;
				CLANG_WARN_OBJC_IMPLICIT_RETAIN_SELF = YES;
				CLANG_WARN_OBJC_LITERAL_CONVERSION = YES;
				CLANG_WARN_OBJC_ROOT_CLASS = YES_ERROR;
				CLANG_WARN_RANGE_LOOP_ANALYSIS = YES;
				CLANG_WARN_STRICT_PROTOTYPES = YES;
				CLANG_WARN_SUSPICIOUS_MOVE = YES;
				CLANG_WARN_UNGUARDED_AVAILABILITY = YES_AGGRESSIVE;
				CLANG_WARN_UNREACHABLE_CODE = YES;
				CLANG_WARN__DUPLICATE_METHOD_MATCH = YES;
				CODE_SIGN_IDENTITY = "iPhone Developer";
				COPY_PHASE_STRIP = NO;
				DEBUG_INFORMATION_FORMAT = dwarf;
				ENABLE_STRICT_OBJC_MSGSEND = YES;
				ENABLE_TESTABILITY = YES;
				GCC_C_LANGUAGE_STANDARD = gnu11;
				GCC_DYNAMIC_NO_PIC = NO;
				GCC_NO_COMMON_BLOCKS = YES;
				GCC_OPTIMIZATION_LEVEL = 0;
				GCC_PREPROCESSOR_DEFINITIONS = (
					"DEBUG=1",
					"$(inherited)",
				);
				GCC_WARN_64_TO_32_BIT_CONVERSION = YES;
				GCC_WARN_ABOUT_RETURN_TYPE = YES_ERROR;
				GCC_WARN_UNDECLARED_SELECTOR = YES;
				GCC_WARN_UNINITIALIZED_AUTOS = YES_AGGRESSIVE;
				GCC_WARN_UNUSED_FUNCTION = YES;
				GCC_WARN_UNUSED_VARIABLE = YES;
				IPHONEOS_DEPLOYMENT_TARGET = 11.3;
				MTL_ENABLE_DEBUG_INFO = YES;
				ONLY_ACTIVE_ARCH = YES;
				SDKROOT = iphoneos;
				SWIFT_ACTIVE_COMPILATION_CONDITIONS = DEBUG;
				SWIFT_OPTIMIZATION_LEVEL = "-Onone";
			};
			name = Debug;
		};
		93BFB85A20C2E364004801C8 /* Release */ = {
			isa = XCBuildConfiguration;
			buildSettings = {
				ALWAYS_SEARCH_USER_PATHS = NO;
				CLANG_ANALYZER_NONNULL = YES;
				CLANG_ANALYZER_NUMBER_OBJECT_CONVERSION = YES_AGGRESSIVE;
				CLANG_CXX_LANGUAGE_STANDARD = "gnu++14";
				CLANG_CXX_LIBRARY = "libc++";
				CLANG_ENABLE_MODULES = YES;
				CLANG_ENABLE_OBJC_ARC = YES;
				CLANG_ENABLE_OBJC_WEAK = YES;
				CLANG_WARN_BLOCK_CAPTURE_AUTORELEASING = YES;
				CLANG_WARN_BOOL_CONVERSION = YES;
				CLANG_WARN_COMMA = YES;
				CLANG_WARN_CONSTANT_CONVERSION = YES;
				CLANG_WARN_DEPRECATED_OBJC_IMPLEMENTATIONS = YES;
				CLANG_WARN_DIRECT_OBJC_ISA_USAGE = YES_ERROR;
				CLANG_WARN_DOCUMENTATION_COMMENTS = YES;
				CLANG_WARN_EMPTY_BODY = YES;
				CLANG_WARN_ENUM_CONVERSION = YES;
				CLANG_WARN_INFINITE_RECURSION = YES;
				CLANG_WARN_INT_CONVERSION = YES;
				CLANG_WARN_NON_LITERAL_NULL_CONVERSION = YES;
				CLANG_WARN_OBJC_IMPLICIT_RETAIN_SELF = YES;
				CLANG_WARN_OBJC_LITERAL_CONVERSION = YES;
				CLANG_WARN_OBJC_ROOT_CLASS = YES_ERROR;
				CLANG_WARN_RANGE_LOOP_ANALYSIS = YES;
				CLANG_WARN_STRICT_PROTOTYPES = YES;
				CLANG_WARN_SUSPICIOUS_MOVE = YES;
				CLANG_WARN_UNGUARDED_AVAILABILITY = YES_AGGRESSIVE;
				CLANG_WARN_UNREACHABLE_CODE = YES;
				CLANG_WARN__DUPLICATE_METHOD_MATCH = YES;
				CODE_SIGN_IDENTITY = "iPhone Developer";
				COPY_PHASE_STRIP = NO;
				DEBUG_INFORMATION_FORMAT = "dwarf-with-dsym";
				ENABLE_NS_ASSERTIONS = NO;
				ENABLE_STRICT_OBJC_MSGSEND = YES;
				GCC_C_LANGUAGE_STANDARD = gnu11;
				GCC_NO_COMMON_BLOCKS = YES;
				GCC_WARN_64_TO_32_BIT_CONVERSION = YES;
				GCC_WARN_ABOUT_RETURN_TYPE = YES_ERROR;
				GCC_WARN_UNDECLARED_SELECTOR = YES;
				GCC_WARN_UNINITIALIZED_AUTOS = YES_AGGRESSIVE;
				GCC_WARN_UNUSED_FUNCTION = YES;
				GCC_WARN_UNUSED_VARIABLE = YES;
				IPHONEOS_DEPLOYMENT_TARGET = 11.3;
				MTL_ENABLE_DEBUG_INFO = NO;
				SDKROOT = iphoneos;
				SWIFT_COMPILATION_MODE = wholemodule;
				SWIFT_OPTIMIZATION_LEVEL = "-O";
				VALIDATE_PRODUCT = YES;
			};
			name = Release;
		};
		93BFB85C20C2E364004801C8 /* Debug */ = {
			isa = XCBuildConfiguration;
			buildSettings = {
				ASSETCATALOG_COMPILER_APPICON_NAME = AppIcon;
				CODE_SIGN_STYLE = Automatic;
				INFOPLIST_FILE = rostros/Info.plist;
				LD_RUNPATH_SEARCH_PATHS = (
					"$(inherited)",
					"@executable_path/Frameworks",
				);
				PRODUCT_BUNDLE_IDENTIFIER = none.rostros;
				PRODUCT_NAME = "$(TARGET_NAME)";
				SWIFT_VERSION = 4.0;
				TARGETED_DEVICE_FAMILY = "1,2";
			};
			name = Debug;
		};
		93BFB85D20C2E364004801C8 /* Release */ = {
			isa = XCBuildConfiguration;
			buildSettings = {
				ASSETCATALOG_COMPILER_APPICON_NAME = AppIcon;
				CODE_SIGN_STYLE = Automatic;
				INFOPLIST_FILE = rostros/Info.plist;
				LD_RUNPATH_SEARCH_PATHS = (
					"$(inherited)",
					"@executable_path/Frameworks",
				);
				PRODUCT_BUNDLE_IDENTIFIER = none.rostros;
				PRODUCT_NAME = "$(TARGET_NAME)";
				SWIFT_VERSION = 4.0;
				TARGETED_DEVICE_FAMILY = "1,2";
			};
			name = Release;
		};
/* End XCBuildConfiguration section */

/* Begin XCConfigurationList section */
		93BFB84420C2E362004801C8 /* Build configuration list for PBXProject "rostros" */ = {
			isa = XCConfigurationList;
			buildConfigurations = (
				93BFB85920C2E364004801C8 /* Debug */,
				93BFB85A20C2E364004801C8 /* Release */,
			);
			defaultConfigurationIsVisible = 0;
			defaultConfigurationName = Release;
		};
		93BFB85B20C2E364004801C8 /* Build configuration list for PBXNativeTarget "rostros" */ = {
			isa = XCConfigurationList;
			buildConfigurations = (
				93BFB85C20C2E364004801C8 /* Debug */,
				93BFB85D20C2E364004801C8 /* Release */,
			);
			defaultConfigurationIsVisible = 0;
			defaultConfigurationName = Release;
		};
/* End XCConfigurationList section */
	};
	rootObject = 93BFB84120C2E362004801C8 /* Project object */;
}
